
Microsoft Visual Studio Solution File, Format Version 12.00
# Visual Studio 15
VisualStudioVersion = 15.0.28307.1082
MinimumVisualStudioVersion = 10.0.40219.1
Project("{FAE04EC0-301F-11D3-BF4B-00C04F79EFBC}") = "Watership_Down_Exercise", "Watership_Down_Exercise\Watership_Down_Exercise.csproj", "{A718C622-A65E-46BD-A462-1C23916397FE}"
EndProject
Global
	GlobalSection(SolutionConfigurationPlatforms) = preSolution
		Debug|Any CPU = Debug|Any CPU
		Release|Any CPU = Release|Any CPU
	EndGlobalSection
	GlobalSection(ProjectConfigurationPlatforms) = postSolution
		{A718C622-A65E-46BD-A462-1C23916397FE}.Debug|Any CPU.ActiveCfg = Debug|Any CPU
		{A718C622-A65E-46BD-A462-1C23916397FE}.Debug|Any CPU.Build.0 = Debug|Any CPU
		{A718C622-A65E-46BD-A462-1C23916397FE}.Release|Any CPU.ActiveCfg = Release|Any CPU
		{A718C622-A65E-46BD-A462-1C23916397FE}.Release|Any CPU.Build.0 = Release|Any CPU
	EndGlobalSection
	GlobalSection(SolutionProperties) = preSolution
		HideSolutionNode = FALSE
	EndGlobalSection
	GlobalSection(ExtensibilityGlobals) = postSolution
		SolutionGuid = {AF1AD941-D8B1-4362-A9FE-210244B00B5F}
	EndGlobalSection
EndGlobal
